
Microsoft Visual Studio Solution File, Format Version 12.00
# Visual Studio Version 17
VisualStudioVersion = 17.11.35303.130
MinimumVisualStudioVersion = 10.0.40219.1
Project("{2150E333-8FDC-42A3-9474-1A3956D46DE8}") = "Task0", "Task0", "{9386E84D-8C9E-4D55-972A-B2CA272E40D8}"
EndProject
Project("{FAE04EC0-301F-11D3-BF4B-00C04F79EFBC}") = "Tyuiu.NedelkinFA.Sprint0.Task0.V0", "Tyuiu.NedelkinFA.Sprint0.Task0.V0\Tyuiu.NedelkinFA.Sprint0.Task0.V0.csproj", "{C9A64A2B-9008-459A-AA3D-1B929B232107}"
EndProject
Project("{2150E333-8FDC-42A3-9474-1A3956D46DE8}") = "Task1", "Task1", "{55E03688-7424-43D8-B5E8-F838ADAF4D7A}"
EndProject
Project("{FAE04EC0-301F-11D3-BF4B-00C04F79EFBC}") = "Tyuiu.NedelkinFA.Sprint0.Task1.V0", "Tyuiu.NedelkinFA.Sprint0.Task1.V0\Tyuiu.NedelkinFA.Sprint0.Task1.V0.csproj", "{D41A0666-2926-489B-AC2A-4E8EFBE8F444}"
EndProject
Global
	GlobalSection(SolutionConfigurationPlatforms) = preSolution
		Debug|Any CPU = Debug|Any CPU
		Release|Any CPU = Release|Any CPU
	EndGlobalSection
	GlobalSection(ProjectConfigurationPlatforms) = postSolution
		{C9A64A2B-9008-459A-AA3D-1B929B232107}.Debug|Any CPU.ActiveCfg = Debug|Any CPU
		{C9A64A2B-9008-459A-AA3D-1B929B232107}.Debug|Any CPU.Build.0 = Debug|Any CPU
		{C9A64A2B-9008-459A-AA3D-1B929B232107}.Release|Any CPU.ActiveCfg = Release|Any CPU
		{C9A64A2B-9008-459A-AA3D-1B929B232107}.Release|Any CPU.Build.0 = Release|Any CPU
		{D41A0666-2926-489B-AC2A-4E8EFBE8F444}.Debug|Any CPU.ActiveCfg = Debug|Any CPU
		{D41A0666-2926-489B-AC2A-4E8EFBE8F444}.Debug|Any CPU.Build.0 = Debug|Any CPU
		{D41A0666-2926-489B-AC2A-4E8EFBE8F444}.Release|Any CPU.ActiveCfg = Release|Any CPU
		{D41A0666-2926-489B-AC2A-4E8EFBE8F444}.Release|Any CPU.Build.0 = Release|Any CPU
	EndGlobalSection
	GlobalSection(SolutionProperties) = preSolution
		HideSolutionNode = FALSE
	EndGlobalSection
	GlobalSection(NestedProjects) = preSolution
		{C9A64A2B-9008-459A-AA3D-1B929B232107} = {9386E84D-8C9E-4D55-972A-B2CA272E40D8}
		{D41A0666-2926-489B-AC2A-4E8EFBE8F444} = {55E03688-7424-43D8-B5E8-F838ADAF4D7A}
	EndGlobalSection
	GlobalSection(ExtensibilityGlobals) = postSolution
		SolutionGuid = {E68895D6-C594-4805-8BC2-C6CE5FA6E1DB}
	EndGlobalSection
EndGlobal
